{
  "version": "4",
  "specifiers": {
    "jsr:@std/cli@~0.224.7": "0.224.7",
    "npm:semver@*": "7.6.3"
  },
  "jsr": {
    "@std/cli@0.224.7": {
      "integrity": "654ca6477518e5e3a0d3fabafb2789e92b8c0febf1a1d24ba4b567aba94b5977"
    }
  },
  "npm": {
    "semver@7.6.3": {
      "integrity": "sha512-oVekP1cKtI+CTDvHWYFUcMtsK/00wmAEfyqKfNdARm8u1wNVhSgaX7A8d4UuIlUI5e84iEwOhs7ZPYRmzU9U6A=="
    }
  },
  "workspace": {
    "dependencies": [
      "jsr:@std/cli@~0.224.7"
    ]
  }
}
