{
  "version": "4",
  "specifiers": {
    "jsr:@std/cli@~0.224.7": "0.224.7",
    "npm:bluebird@*": "3.7.2",
    "npm:p-map@*": "7.0.2",
    "npm:semver@*": "7.6.2"
  },
  "jsr": {
    "@std/cli@0.224.7": {
      "integrity": "654ca6477518e5e3a0d3fabafb2789e92b8c0febf1a1d24ba4b567aba94b5977"
    }
  },
  "npm": {
    "bluebird@3.7.2": {
      "integrity": "sha512-XpNj6GDQzdfW+r2Wnn7xiSAd7TM3jzkxGXBGTtWKuSXv1xUV+azxAm8jdWZN06QTQk+2N2XB9jRDkvbmQmcRtg=="
    },
    "p-map@7.0.2": {
      "integrity": "sha512-z4cYYMMdKHzw4O5UkWJImbZynVIo0lSGTXc7bzB1e/rrDqkgGUNysK/o4bTr+0+xKvvLoTyGqYC4Fgljy9qe1Q=="
    },
    "semver@7.6.2": {
      "integrity": "sha512-FNAIBWCx9qcRhoHcgcJ0gvU7SN1lYU2ZXuSfl04bSC5OpvDHFyJCjdNHomPXxjQlCBU67YW64PzY7/VIEH7F2w=="
    }
  },
  "workspace": {
    "dependencies": [
      "jsr:@std/cli@~0.224.7"
    ]
  }
}
